
Microsoft Visual Studio Solution File, Format Version 12.00
# Visual Studio Version 17
VisualStudioVersion = 17.5.002.0
MinimumVisualStudioVersion = 10.0.40219.1
Project("{9A19103F-16F7-4668-BE54-9A1E7A4F7556}") = "2023-03", "2023-03\2023-03.csproj", "{14BB53A4-DA89-4199-BF10-560C6A4A1BDA}"
EndProject
Project("{FAE04EC0-301F-11D3-BF4B-00C04F79EFBC}") = "2023-06", "2023-06\2023-06.csproj", "{53A37182-214C-43AC-AF89-9FAC13605937}"
EndProject
Project("{FAE04EC0-301F-11D3-BF4B-00C04F79EFBC}") = "2023-09", "2023-09\2023-09.csproj", "{04ED973C-F318-46C4-9ABA-F5A248899204}"
EndProject
Global
	GlobalSection(SolutionConfigurationPlatforms) = preSolution
		Debug|Any CPU = Debug|Any CPU
		Release|Any CPU = Release|Any CPU
	EndGlobalSection
	GlobalSection(ProjectConfigurationPlatforms) = postSolution
		{14BB53A4-DA89-4199-BF10-560C6A4A1BDA}.Debug|Any CPU.ActiveCfg = Debug|Any CPU
		{14BB53A4-DA89-4199-BF10-560C6A4A1BDA}.Debug|Any CPU.Build.0 = Debug|Any CPU
		{14BB53A4-DA89-4199-BF10-560C6A4A1BDA}.Release|Any CPU.ActiveCfg = Release|Any CPU
		{14BB53A4-DA89-4199-BF10-560C6A4A1BDA}.Release|Any CPU.Build.0 = Release|Any CPU
		{53A37182-214C-43AC-AF89-9FAC13605937}.Debug|Any CPU.ActiveCfg = Debug|Any CPU
		{53A37182-214C-43AC-AF89-9FAC13605937}.Debug|Any CPU.Build.0 = Debug|Any CPU
		{53A37182-214C-43AC-AF89-9FAC13605937}.Release|Any CPU.ActiveCfg = Release|Any CPU
		{53A37182-214C-43AC-AF89-9FAC13605937}.Release|Any CPU.Build.0 = Release|Any CPU
		{04ED973C-F318-46C4-9ABA-F5A248899204}.Debug|Any CPU.ActiveCfg = Debug|Any CPU
		{04ED973C-F318-46C4-9ABA-F5A248899204}.Debug|Any CPU.Build.0 = Debug|Any CPU
		{04ED973C-F318-46C4-9ABA-F5A248899204}.Release|Any CPU.ActiveCfg = Release|Any CPU
		{04ED973C-F318-46C4-9ABA-F5A248899204}.Release|Any CPU.Build.0 = Release|Any CPU
	EndGlobalSection
	GlobalSection(SolutionProperties) = preSolution
		HideSolutionNode = FALSE
	EndGlobalSection
	GlobalSection(ExtensibilityGlobals) = postSolution
		SolutionGuid = {EFF3DE90-4496-4820-B121-F696B9AAA27D}
	EndGlobalSection
EndGlobal
